
Microsoft Visual Studio Solution File, Format Version 12.00
# Visual Studio Version 16
VisualStudioVersion = 16.0.29123.88
MinimumVisualStudioVersion = 10.0.40219.1
Project("{FAE04EC0-301F-11D3-BF4B-00C04F79EFBC}") = "AutoSubsync", "AutoSubsync.csproj", "{8C765F2A-76E7-455E-9046-9EBBAF7BF421}"
EndProject
Global
	GlobalSection(SolutionConfigurationPlatforms) = preSolution
		Debug|Any CPU = Debug|Any CPU
		Release|Any CPU = Release|Any CPU
	EndGlobalSection
	GlobalSection(ProjectConfigurationPlatforms) = postSolution
		{8C765F2A-76E7-455E-9046-9EBBAF7BF421}.Debug|Any CPU.ActiveCfg = Debug|Any CPU
		{8C765F2A-76E7-455E-9046-9EBBAF7BF421}.Debug|Any CPU.Build.0 = Debug|Any CPU
		{8C765F2A-76E7-455E-9046-9EBBAF7BF421}.Release|Any CPU.ActiveCfg = Release|Any CPU
		{8C765F2A-76E7-455E-9046-9EBBAF7BF421}.Release|Any CPU.Build.0 = Release|Any CPU
	EndGlobalSection
	GlobalSection(SolutionProperties) = preSolution
		HideSolutionNode = FALSE
	EndGlobalSection
	GlobalSection(ExtensibilityGlobals) = postSolution
		SolutionGuid = {2108B259-90A1-46DC-9D0A-459C0D8B63C1}
	EndGlobalSection
EndGlobal
